
Microsoft Visual Studio Solution File, Format Version 12.00
# Visual Studio 14
VisualStudioVersion = 14.0.25420.1
MinimumVisualStudioVersion = 10.0.40219.1
Project("{FAE04EC0-301F-11D3-BF4B-00C04F79EFBC}") = "DivisasMVVM.Droid", "DivisasMVVM\DivisasMVVM.Droid\DivisasMVVM.Droid.csproj", "{7CFE8078-013E-445E-8749-069566005160}"
EndProject
Project("{FAE04EC0-301F-11D3-BF4B-00C04F79EFBC}") = "DivisasMVVM", "DivisasMVVM\DivisasMVVM\DivisasMVVM.csproj", "{A891D1C1-686F-4E2E-A0F5-9EDDA0D8C997}"
EndProject
Project("{FAE04EC0-301F-11D3-BF4B-00C04F79EFBC}") = "DivisasMVVM.WinPhone", "DivisasMVVM\DivisasMVVM.WinPhone\DivisasMVVM.WinPhone.csproj", "{BCB3D122-0B29-4206-B571-0730E7DB2A3B}"
EndProject
Project("{FAE04EC0-301F-11D3-BF4B-00C04F79EFBC}") = "DivisasMVVM.UWP", "DivisasMVVM\DivisasMVVM.UWP\DivisasMVVM.UWP.csproj", "{58E8EA7C-73D5-4427-BA2D-08E7920F52D1}"
EndProject
Project("{FAE04EC0-301F-11D3-BF4B-00C04F79EFBC}") = "DivisasMVVM.iOS", "DivisasMVVM\DivisasMVVM.iOS\DivisasMVVM.iOS.csproj", "{E28348C9-74B8-4F8C-90B1-4C99B913C635}"
EndProject
Project("{FAE04EC0-301F-11D3-BF4B-00C04F79EFBC}") = "DivisasMVVM.Windows", "DivisasMVVM\DivisasMVVM.Windows\DivisasMVVM.Windows.csproj", "{5E76F170-AE49-48B0-82AB-03B648BCD331}"
EndProject
Global
	GlobalSection(SolutionConfigurationPlatforms) = preSolution
		Ad-Hoc|Any CPU = Ad-Hoc|Any CPU
		Ad-Hoc|ARM = Ad-Hoc|ARM
		Ad-Hoc|iPhone = Ad-Hoc|iPhone
		Ad-Hoc|iPhoneSimulator = Ad-Hoc|iPhoneSimulator
		Ad-Hoc|x64 = Ad-Hoc|x64
		Ad-Hoc|x86 = Ad-Hoc|x86
		AppStore|Any CPU = AppStore|Any CPU
		AppStore|ARM = AppStore|ARM
		AppStore|iPhone = AppStore|iPhone
		AppStore|iPhoneSimulator = AppStore|iPhoneSimulator
		AppStore|x64 = AppStore|x64
		AppStore|x86 = AppStore|x86
		Debug|Any CPU = Debug|Any CPU
		Debug|ARM = Debug|ARM
		Debug|iPhone = Debug|iPhone
		Debug|iPhoneSimulator = Debug|iPhoneSimulator
		Debug|x64 = Debug|x64
		Debug|x86 = Debug|x86
		Release|Any CPU = Release|Any CPU
		Release|ARM = Release|ARM
		Release|iPhone = Release|iPhone
		Release|iPhoneSimulator = Release|iPhoneSimulator
		Release|x64 = Release|x64
		Release|x86 = Release|x86
	EndGlobalSection
	GlobalSection(ProjectConfigurationPlatforms) = postSolution
		{7CFE8078-013E-445E-8749-069566005160}.Ad-Hoc|Any CPU.ActiveCfg = Release|Any CPU
		{7CFE8078-013E-445E-8749-069566005160}.Ad-Hoc|Any CPU.Build.0 = Release|Any CPU
		{7CFE8078-013E-445E-8749-069566005160}.Ad-Hoc|Any CPU.Deploy.0 = Release|Any CPU
		{7CFE8078-013E-445E-8749-069566005160}.Ad-Hoc|ARM.ActiveCfg = Release|Any CPU
		{7CFE8078-013E-445E-8749-069566005160}.Ad-Hoc|ARM.Build.0 = Release|Any CPU
		{7CFE8078-013E-445E-8749-069566005160}.Ad-Hoc|ARM.Deploy.0 = Release|Any CPU
		{7CFE8078-013E-445E-8749-069566005160}.Ad-Hoc|iPhone.ActiveCfg = Release|Any CPU
		{7CFE8078-013E-445E-8749-069566005160}.Ad-Hoc|iPhone.Build.0 = Release|Any CPU
		{7CFE8078-013E-445E-8749-069566005160}.Ad-Hoc|iPhone.Deploy.0 = Release|Any CPU
		{7CFE8078-013E-445E-8749-069566005160}.Ad-Hoc|iPhoneSimulator.ActiveCfg = Release|Any CPU
		{7CFE8078-013E-445E-8749-069566005160}.Ad-Hoc|iPhoneSimulator.Build.0 = Release|Any CPU
		{7CFE8078-013E-445E-8749-069566005160}.Ad-Hoc|iPhoneSimulator.Deploy.0 = Release|Any CPU
		{7CFE8078-013E-445E-8749-069566005160}.Ad-Hoc|x64.ActiveCfg = Release|Any CPU
		{7CFE8078-013E-445E-8749-069566005160}.Ad-Hoc|x64.Build.0 = Release|Any CPU
		{7CFE8078-013E-445E-8749-069566005160}.Ad-Hoc|x64.Deploy.0 = Release|Any CPU
		{7CFE8078-013E-445E-8749-069566005160}.Ad-Hoc|x86.ActiveCfg = Release|Any CPU
		{7CFE8078-013E-445E-8749-069566005160}.Ad-Hoc|x86.Build.0 = Release|Any CPU
		{7CFE8078-013E-445E-8749-069566005160}.Ad-Hoc|x86.Deploy.0 = Release|Any CPU
		{7CFE8078-013E-445E-8749-069566005160}.AppStore|Any CPU.ActiveCfg = Release|Any CPU
		{7CFE8078-013E-445E-8749-069566005160}.AppStore|Any CPU.Build.0 = Release|Any CPU
		{7CFE8078-013E-445E-8749-069566005160}.AppStore|Any CPU.Deploy.0 = Release|Any CPU
		{7CFE8078-013E-445E-8749-069566005160}.AppStore|ARM.ActiveCfg = Release|Any CPU
		{7CFE8078-013E-445E-8749-069566005160}.AppStore|ARM.Build.0 = Release|Any CPU
		{7CFE8078-013E-445E-8749-069566005160}.AppStore|ARM.Deploy.0 = Release|Any CPU
		{7CFE8078-013E-445E-8749-069566005160}.AppStore|iPhone.ActiveCfg = Release|Any CPU
		{7CFE8078-013E-445E-8749-069566005160}.AppStore|iPhone.Build.0 = Release|Any CPU
		{7CFE8078-013E-445E-8749-069566005160}.AppStore|iPhone.Deploy.0 = Release|Any CPU
		{7CFE8078-013E-445E-8749-069566005160}.AppStore|iPhoneSimulator.ActiveCfg = Release|Any CPU
		{7CFE8078-013E-445E-8749-069566005160}.AppStore|iPhoneSimulator.Build.0 = Release|Any CPU
		{7CFE8078-013E-445E-8749-069566005160}.AppStore|iPhoneSimulator.Deploy.0 = Release|Any CPU
		{7CFE8078-013E-445E-8749-069566005160}.AppStore|x64.ActiveCfg = Release|Any CPU
		{7CFE8078-013E-445E-8749-069566005160}.AppStore|x64.Build.0 = Release|Any CPU
		{7CFE8078-013E-445E-8749-069566005160}.AppStore|x64.Deploy.0 = Release|Any CPU
		{7CFE8078-013E-445E-8749-069566005160}.AppStore|x86.ActiveCfg = Release|Any CPU
		{7CFE8078-013E-445E-8749-069566005160}.AppStore|x86.Build.0 = Release|Any CPU
		{7CFE8078-013E-445E-8749-069566005160}.AppStore|x86.Deploy.0 = Release|Any CPU
		{7CFE8078-013E-445E-8749-069566005160}.Debug|Any CPU.ActiveCfg = Debug|Any CPU
		{7CFE8078-013E-445E-8749-069566005160}.Debug|Any CPU.Build.0 = Debug|Any CPU
		{7CFE8078-013E-445E-8749-069566005160}.Debug|Any CPU.Deploy.0 = Debug|Any CPU
		{7CFE8078-013E-445E-8749-069566005160}.Debug|ARM.ActiveCfg = Debug|Any CPU
		{7CFE8078-013E-445E-8749-069566005160}.Debug|ARM.Build.0 = Debug|Any CPU
		{7CFE8078-013E-445E-8749-069566005160}.Debug|ARM.Deploy.0 = Debug|Any CPU
		{7CFE8078-013E-445E-8749-069566005160}.Debug|iPhone.ActiveCfg = Debug|Any CPU
		{7CFE8078-013E-445E-8749-069566005160}.Debug|iPhone.Build.0 = Debug|Any CPU
		{7CFE8078-013E-445E-8749-069566005160}.Debug|iPhone.Deploy.0 = Debug|Any CPU
		{7CFE8078-013E-445E-8749-069566005160}.Debug|iPhoneSimulator.ActiveCfg = Debug|Any CPU
		{7CFE8078-013E-445E-8749-069566005160}.Debug|iPhoneSimulator.Build.0 = Debug|Any CPU
		{7CFE8078-013E-445E-8749-069566005160}.Debug|iPhoneSimulator.Deploy.0 = Debug|Any CPU
		{7CFE8078-013E-445E-8749-069566005160}.Debug|x64.ActiveCfg = Debug|Any CPU
		{7CFE8078-013E-445E-8749-069566005160}.Debug|x64.Build.0 = Debug|Any CPU
		{7CFE8078-013E-445E-8749-069566005160}.Debug|x64.Deploy.0 = Debug|Any CPU
		{7CFE8078-013E-445E-8749-069566005160}.Debug|x86.ActiveCfg = Debug|Any CPU
		{7CFE8078-013E-445E-8749-069566005160}.Debug|x86.Build.0 = Debug|Any CPU
		{7CFE8078-013E-445E-8749-069566005160}.Debug|x86.Deploy.0 = Debug|Any CPU
		{7CFE8078-013E-445E-8749-069566005160}.Release|Any CPU.ActiveCfg = Release|Any CPU
		{7CFE8078-013E-445E-8749-069566005160}.Release|Any CPU.Build.0 = Release|Any CPU
		{7CFE8078-013E-445E-8749-069566005160}.Release|Any CPU.Deploy.0 = Release|Any CPU
		{7CFE8078-013E-445E-8749-069566005160}.Release|ARM.ActiveCfg = Release|Any CPU
		{7CFE8078-013E-445E-8749-069566005160}.Release|ARM.Build.0 = Release|Any CPU
		{7CFE8078-013E-445E-8749-069566005160}.Release|ARM.Deploy.0 = Release|Any CPU
		{7CFE8078-013E-445E-8749-069566005160}.Release|iPhone.ActiveCfg = Release|Any CPU
		{7CFE8078-013E-445E-8749-069566005160}.Release|iPhone.Build.0 = Release|Any CPU
		{7CFE8078-013E-445E-8749-069566005160}.Release|iPhone.Deploy.0 = Release|Any CPU
		{7CFE8078-013E-445E-8749-069566005160}.Release|iPhoneSimulator.ActiveCfg = Release|Any CPU
		{7CFE8078-013E-445E-8749-069566005160}.Release|iPhoneSimulator.Build.0 = Release|Any CPU
		{7CFE8078-013E-445E-8749-069566005160}.Release|iPhoneSimulator.Deploy.0 = Release|Any CPU
		{7CFE8078-013E-445E-8749-069566005160}.Release|x64.ActiveCfg = Release|Any CPU
		{7CFE8078-013E-445E-8749-069566005160}.Release|x64.Build.0 = Release|Any CPU
		{7CFE8078-013E-445E-8749-069566005160}.Release|x64.Deploy.0 = Release|Any CPU
		{7CFE8078-013E-445E-8749-069566005160}.Release|x86.ActiveCfg = Release|Any CPU
		{7CFE8078-013E-445E-8749-069566005160}.Release|x86.Build.0 = Release|Any CPU
		{7CFE8078-013E-445E-8749-069566005160}.Release|x86.Deploy.0 = Release|Any CPU
		{A891D1C1-686F-4E2E-A0F5-9EDDA0D8C997}.Ad-Hoc|Any CPU.ActiveCfg = Release|Any CPU
		{A891D1C1-686F-4E2E-A0F5-9EDDA0D8C997}.Ad-Hoc|Any CPU.Build.0 = Release|Any CPU
		{A891D1C1-686F-4E2E-A0F5-9EDDA0D8C997}.Ad-Hoc|ARM.ActiveCfg = Release|Any CPU
		{A891D1C1-686F-4E2E-A0F5-9EDDA0D8C997}.Ad-Hoc|ARM.Build.0 = Release|Any CPU
		{A891D1C1-686F-4E2E-A0F5-9EDDA0D8C997}.Ad-Hoc|iPhone.ActiveCfg = Release|Any CPU
		{A891D1C1-686F-4E2E-A0F5-9EDDA0D8C997}.Ad-Hoc|iPhone.Build.0 = Release|Any CPU
		{A891D1C1-686F-4E2E-A0F5-9EDDA0D8C997}.Ad-Hoc|iPhoneSimulator.ActiveCfg = Release|Any CPU
		{A891D1C1-686F-4E2E-A0F5-9EDDA0D8C997}.Ad-Hoc|iPhoneSimulator.Build.0 = Release|Any CPU
		{A891D1C1-686F-4E2E-A0F5-9EDDA0D8C997}.Ad-Hoc|x64.ActiveCfg = Release|Any CPU
		{A891D1C1-686F-4E2E-A0F5-9EDDA0D8C997}.Ad-Hoc|x64.Build.0 = Release|Any CPU
		{A891D1C1-686F-4E2E-A0F5-9EDDA0D8C997}.Ad-Hoc|x86.ActiveCfg = Release|Any CPU
		{A891D1C1-686F-4E2E-A0F5-9EDDA0D8C997}.Ad-Hoc|x86.Build.0 = Release|Any CPU
		{A891D1C1-686F-4E2E-A0F5-9EDDA0D8C997}.AppStore|Any CPU.ActiveCfg = Release|Any CPU
		{A891D1C1-686F-4E2E-A0F5-9EDDA0D8C997}.AppStore|Any CPU.Build.0 = Release|Any CPU
		{A891D1C1-686F-4E2E-A0F5-9EDDA0D8C997}.AppStore|ARM.ActiveCfg = Release|Any CPU
		{A891D1C1-686F-4E2E-A0F5-9EDDA0D8C997}.AppStore|ARM.Build.0 = Release|Any CPU
		{A891D1C1-686F-4E2E-A0F5-9EDDA0D8C997}.AppStore|iPhone.ActiveCfg = Release|Any CPU
		{A891D1C1-686F-4E2E-A0F5-9EDDA0D8C997}.AppStore|iPhone.Build.0 = Release|Any CPU
		{A891D1C1-686F-4E2E-A0F5-9EDDA0D8C997}.AppStore|iPhoneSimulator.ActiveCfg = Release|Any CPU
		{A891D1C1-686F-4E2E-A0F5-9EDDA0D8C997}.AppStore|iPhoneSimulator.Build.0 = Release|Any CPU
		{A891D1C1-686F-4E2E-A0F5-9EDDA0D8C997}.AppStore|x64.ActiveCfg = Release|Any CPU
		{A891D1C1-686F-4E2E-A0F5-9EDDA0D8C997}.AppStore|x64.Build.0 = Release|Any CPU
		{A891D1C1-686F-4E2E-A0F5-9EDDA0D8C997}.AppStore|x86.ActiveCfg = Release|Any CPU
		{A891D1C1-686F-4E2E-A0F5-9EDDA0D8C997}.AppStore|x86.Build.0 = Release|Any CPU
		{A891D1C1-686F-4E2E-A0F5-9EDDA0D8C997}.Debug|Any CPU.ActiveCfg = Debug|Any CPU
		{A891D1C1-686F-4E2E-A0F5-9EDDA0D8C997}.Debug|Any CPU.Build.0 = Debug|Any CPU
		{A891D1C1-686F-4E2E-A0F5-9EDDA0D8C997}.Debug|ARM.ActiveCfg = Debug|Any CPU
		{A891D1C1-686F-4E2E-A0F5-9EDDA0D8C997}.Debug|ARM.Build.0 = Debug|Any CPU
		{A891D1C1-686F-4E2E-A0F5-9EDDA0D8C997}.Debug|iPhone.ActiveCfg = Debug|Any CPU
		{A891D1C1-686F-4E2E-A0F5-9EDDA0D8C997}.Debug|iPhone.Build.0 = Debug|Any CPU
		{A891D1C1-686F-4E2E-A0F5-9EDDA0D8C997}.Debug|iPhoneSimulator.ActiveCfg = Debug|Any CPU
		{A891D1C1-686F-4E2E-A0F5-9EDDA0D8C997}.Debug|iPhoneSimulator.Build.0 = Debug|Any CPU
		{A891D1C1-686F-4E2E-A0F5-9EDDA0D8C997}.Debug|x64.ActiveCfg = Debug|Any CPU
		{A891D1C1-686F-4E2E-A0F5-9EDDA0D8C997}.Debug|x64.Build.0 = Debug|Any CPU
		{A891D1C1-686F-4E2E-A0F5-9EDDA0D8C997}.Debug|x86.ActiveCfg = Debug|Any CPU
		{A891D1C1-686F-4E2E-A0F5-9EDDA0D8C997}.Debug|x86.Build.0 = Debug|Any CPU
		{A891D1C1-686F-4E2E-A0F5-9EDDA0D8C997}.Release|Any CPU.ActiveCfg = Release|Any CPU
		{A891D1C1-686F-4E2E-A0F5-9EDDA0D8C997}.Release|Any CPU.Build.0 = Release|Any CPU
		{A891D1C1-686F-4E2E-A0F5-9EDDA0D8C997}.Release|ARM.ActiveCfg = Release|Any CPU
		{A891D1C1-686F-4E2E-A0F5-9EDDA0D8C997}.Release|ARM.Build.0 = Release|Any CPU
		{A891D1C1-686F-4E2E-A0F5-9EDDA0D8C997}.Release|iPhone.ActiveCfg = Release|Any CPU
		{A891D1C1-686F-4E2E-A0F5-9EDDA0D8C997}.Release|iPhone.Build.0 = Release|Any CPU
		{A891D1C1-686F-4E2E-A0F5-9EDDA0D8C997}.Release|iPhoneSimulator.ActiveCfg = Release|Any CPU
		{A891D1C1-686F-4E2E-A0F5-9EDDA0D8C997}.Release|iPhoneSimulator.Build.0 = Release|Any CPU
		{A891D1C1-686F-4E2E-A0F5-9EDDA0D8C997}.Release|x64.ActiveCfg = Release|Any CPU
		{A891D1C1-686F-4E2E-A0F5-9EDDA0D8C997}.Release|x64.Build.0 = Release|Any CPU
		{A891D1C1-686F-4E2E-A0F5-9EDDA0D8C997}.Release|x86.ActiveCfg = Release|Any CPU
		{A891D1C1-686F-4E2E-A0F5-9EDDA0D8C997}.Release|x86.Build.0 = Release|Any CPU
		{BCB3D122-0B29-4206-B571-0730E7DB2A3B}.Ad-Hoc|Any CPU.ActiveCfg = Release|Any CPU
		{BCB3D122-0B29-4206-B571-0730E7DB2A3B}.Ad-Hoc|Any CPU.Build.0 = Release|Any CPU
		{BCB3D122-0B29-4206-B571-0730E7DB2A3B}.Ad-Hoc|Any CPU.Deploy.0 = Release|Any CPU
		{BCB3D122-0B29-4206-B571-0730E7DB2A3B}.Ad-Hoc|ARM.ActiveCfg = Release|ARM
		{BCB3D122-0B29-4206-B571-0730E7DB2A3B}.Ad-Hoc|ARM.Build.0 = Release|ARM
		{BCB3D122-0B29-4206-B571-0730E7DB2A3B}.Ad-Hoc|ARM.Deploy.0 = Release|ARM
		{BCB3D122-0B29-4206-B571-0730E7DB2A3B}.Ad-Hoc|iPhone.ActiveCfg = Release|Any CPU
		{BCB3D122-0B29-4206-B571-0730E7DB2A3B}.Ad-Hoc|iPhone.Build.0 = Release|Any CPU
		{BCB3D122-0B29-4206-B571-0730E7DB2A3B}.Ad-Hoc|iPhone.Deploy.0 = Release|Any CPU
		{BCB3D122-0B29-4206-B571-0730E7DB2A3B}.Ad-Hoc|iPhoneSimulator.ActiveCfg = Release|Any CPU
		{BCB3D122-0B29-4206-B571-0730E7DB2A3B}.Ad-Hoc|iPhoneSimulator.Build.0 = Release|Any CPU
		{BCB3D122-0B29-4206-B571-0730E7DB2A3B}.Ad-Hoc|iPhoneSimulator.Deploy.0 = Release|Any CPU
		{BCB3D122-0B29-4206-B571-0730E7DB2A3B}.Ad-Hoc|x64.ActiveCfg = Release|Any CPU
		{BCB3D122-0B29-4206-B571-0730E7DB2A3B}.Ad-Hoc|x64.Build.0 = Release|Any CPU
		{BCB3D122-0B29-4206-B571-0730E7DB2A3B}.Ad-Hoc|x64.Deploy.0 = Release|Any CPU
		{BCB3D122-0B29-4206-B571-0730E7DB2A3B}.Ad-Hoc|x86.ActiveCfg = Release|x86
		{BCB3D122-0B29-4206-B571-0730E7DB2A3B}.Ad-Hoc|x86.Build.0 = Release|x86
		{BCB3D122-0B29-4206-B571-0730E7DB2A3B}.Ad-Hoc|x86.Deploy.0 = Release|x86
		{BCB3D122-0B29-4206-B571-0730E7DB2A3B}.AppStore|Any CPU.ActiveCfg = Release|Any CPU
		{BCB3D122-0B29-4206-B571-0730E7DB2A3B}.AppStore|Any CPU.Build.0 = Release|Any CPU
		{BCB3D122-0B29-4206-B571-0730E7DB2A3B}.AppStore|Any CPU.Deploy.0 = Release|Any CPU
		{BCB3D122-0B29-4206-B571-0730E7DB2A3B}.AppStore|ARM.ActiveCfg = Release|ARM
		{BCB3D122-0B29-4206-B571-0730E7DB2A3B}.AppStore|ARM.Build.0 = Release|ARM
		{BCB3D122-0B29-4206-B571-0730E7DB2A3B}.AppStore|ARM.Deploy.0 = Release|ARM
		{BCB3D122-0B29-4206-B571-0730E7DB2A3B}.AppStore|iPhone.ActiveCfg = Release|Any CPU
		{BCB3D122-0B29-4206-B571-0730E7DB2A3B}.AppStore|iPhone.Build.0 = Release|Any CPU
		{BCB3D122-0B29-4206-B571-0730E7DB2A3B}.AppStore|iPhone.Deploy.0 = Release|Any CPU
		{BCB3D122-0B29-4206-B571-0730E7DB2A3B}.AppStore|iPhoneSimulator.ActiveCfg = Release|Any CPU
		{BCB3D122-0B29-4206-B571-0730E7DB2A3B}.AppStore|iPhoneSimulator.Build.0 = Release|Any CPU
		{BCB3D122-0B29-4206-B571-0730E7DB2A3B}.AppStore|iPhoneSimulator.Deploy.0 = Release|Any CPU
		{BCB3D122-0B29-4206-B571-0730E7DB2A3B}.AppStore|x64.ActiveCfg = Release|Any CPU
		{BCB3D122-0B29-4206-B571-0730E7DB2A3B}.AppStore|x64.Build.0 = Release|Any CPU
		{BCB3D122-0B29-4206-B571-0730E7DB2A3B}.AppStore|x64.Deploy.0 = Release|Any CPU
		{BCB3D122-0B29-4206-B571-0730E7DB2A3B}.AppStore|x86.ActiveCfg = Release|x86
		{BCB3D122-0B29-4206-B571-0730E7DB2A3B}.AppStore|x86.Build.0 = Release|x86
		{BCB3D122-0B29-4206-B571-0730E7DB2A3B}.AppStore|x86.Deploy.0 = Release|x86
		{BCB3D122-0B29-4206-B571-0730E7DB2A3B}.Debug|Any CPU.ActiveCfg = Debug|Any CPU
		{BCB3D122-0B29-4206-B571-0730E7DB2A3B}.Debug|Any CPU.Build.0 = Debug|Any CPU
		{BCB3D122-0B29-4206-B571-0730E7DB2A3B}.Debug|Any CPU.Deploy.0 = Debug|Any CPU
		{BCB3D122-0B29-4206-B571-0730E7DB2A3B}.Debug|ARM.ActiveCfg = Debug|ARM
		{BCB3D122-0B29-4206-B571-0730E7DB2A3B}.Debug|ARM.Build.0 = Debug|ARM
		{BCB3D122-0B29-4206-B571-0730E7DB2A3B}.Debug|ARM.Deploy.0 = Debug|ARM
		{BCB3D122-0B29-4206-B571-0730E7DB2A3B}.Debug|iPhone.ActiveCfg = Debug|Any CPU
		{BCB3D122-0B29-4206-B571-0730E7DB2A3B}.Debug|iPhone.Build.0 = Debug|Any CPU
		{BCB3D122-0B29-4206-B571-0730E7DB2A3B}.Debug|iPhone.Deploy.0 = Debug|Any CPU
		{BCB3D122-0B29-4206-B571-0730E7DB2A3B}.Debug|iPhoneSimulator.ActiveCfg = Debug|Any CPU
		{BCB3D122-0B29-4206-B571-0730E7DB2A3B}.Debug|iPhoneSimulator.Build.0 = Debug|Any CPU
		{BCB3D122-0B29-4206-B571-0730E7DB2A3B}.Debug|iPhoneSimulator.Deploy.0 = Debug|Any CPU
		{BCB3D122-0B29-4206-B571-0730E7DB2A3B}.Debug|x64.ActiveCfg = Debug|Any CPU
		{BCB3D122-0B29-4206-B571-0730E7DB2A3B}.Debug|x64.Build.0 = Debug|Any CPU
		{BCB3D122-0B29-4206-B571-0730E7DB2A3B}.Debug|x64.Deploy.0 = Debug|Any CPU
		{BCB3D122-0B29-4206-B571-0730E7DB2A3B}.Debug|x86.ActiveCfg = Debug|x86
		{BCB3D122-0B29-4206-B571-0730E7DB2A3B}.Debug|x86.Build.0 = Debug|x86
		{BCB3D122-0B29-4206-B571-0730E7DB2A3B}.Debug|x86.Deploy.0 = Debug|x86
		{BCB3D122-0B29-4206-B571-0730E7DB2A3B}.Release|Any CPU.ActiveCfg = Release|Any CPU
		{BCB3D122-0B29-4206-B571-0730E7DB2A3B}.Release|Any CPU.Build.0 = Release|Any CPU
		{BCB3D122-0B29-4206-B571-0730E7DB2A3B}.Release|Any CPU.Deploy.0 = Release|Any CPU
		{BCB3D122-0B29-4206-B571-0730E7DB2A3B}.Release|ARM.ActiveCfg = Release|ARM
		{BCB3D122-0B29-4206-B571-0730E7DB2A3B}.Release|ARM.Build.0 = Release|ARM
		{BCB3D122-0B29-4206-B571-0730E7DB2A3B}.Release|ARM.Deploy.0 = Release|ARM
		{BCB3D122-0B29-4206-B571-0730E7DB2A3B}.Release|iPhone.ActiveCfg = Release|Any CPU
		{BCB3D122-0B29-4206-B571-0730E7DB2A3B}.Release|iPhone.Build.0 = Release|Any CPU
		{BCB3D122-0B29-4206-B571-0730E7DB2A3B}.Release|iPhone.Deploy.0 = Release|Any CPU
		{BCB3D122-0B29-4206-B571-0730E7DB2A3B}.Release|iPhoneSimulator.ActiveCfg = Release|Any CPU
		{BCB3D122-0B29-4206-B571-0730E7DB2A3B}.Release|iPhoneSimulator.Build.0 = Release|Any CPU
		{BCB3D122-0B29-4206-B571-0730E7DB2A3B}.Release|iPhoneSimulator.Deploy.0 = Release|Any CPU
		{BCB3D122-0B29-4206-B571-0730E7DB2A3B}.Release|x64.ActiveCfg = Release|Any CPU
		{BCB3D122-0B29-4206-B571-0730E7DB2A3B}.Release|x64.Build.0 = Release|Any CPU
		{BCB3D122-0B29-4206-B571-0730E7DB2A3B}.Release|x64.Deploy.0 = Release|Any CPU
		{BCB3D122-0B29-4206-B571-0730E7DB2A3B}.Release|x86.ActiveCfg = Release|x86
		{BCB3D122-0B29-4206-B571-0730E7DB2A3B}.Release|x86.Build.0 = Release|x86
		{BCB3D122-0B29-4206-B571-0730E7DB2A3B}.Release|x86.Deploy.0 = Release|x86
		{58E8EA7C-73D5-4427-BA2D-08E7920F52D1}.Ad-Hoc|Any CPU.ActiveCfg = Release|x86
		{58E8EA7C-73D5-4427-BA2D-08E7920F52D1}.Ad-Hoc|Any CPU.Build.0 = Release|x86
		{58E8EA7C-73D5-4427-BA2D-08E7920F52D1}.Ad-Hoc|Any CPU.Deploy.0 = Release|x86
		{58E8EA7C-73D5-4427-BA2D-08E7920F52D1}.Ad-Hoc|ARM.ActiveCfg = Release|ARM
		{58E8EA7C-73D5-4427-BA2D-08E7920F52D1}.Ad-Hoc|ARM.Build.0 = Release|ARM
		{58E8EA7C-73D5-4427-BA2D-08E7920F52D1}.Ad-Hoc|ARM.Deploy.0 = Release|ARM
		{58E8EA7C-73D5-4427-BA2D-08E7920F52D1}.Ad-Hoc|iPhone.ActiveCfg = Release|x86
		{58E8EA7C-73D5-4427-BA2D-08E7920F52D1}.Ad-Hoc|iPhone.Build.0 = Release|x86
		{58E8EA7C-73D5-4427-BA2D-08E7920F52D1}.Ad-Hoc|iPhone.Deploy.0 = Release|x86
		{58E8EA7C-73D5-4427-BA2D-08E7920F52D1}.Ad-Hoc|iPhoneSimulator.ActiveCfg = Release|x86
		{58E8EA7C-73D5-4427-BA2D-08E7920F52D1}.Ad-Hoc|iPhoneSimulator.Build.0 = Release|x86
		{58E8EA7C-73D5-4427-BA2D-08E7920F52D1}.Ad-Hoc|iPhoneSimulator.Deploy.0 = Release|x86
		{58E8EA7C-73D5-4427-BA2D-08E7920F52D1}.Ad-Hoc|x64.ActiveCfg = Release|x64
		{58E8EA7C-73D5-4427-BA2D-08E7920F52D1}.Ad-Hoc|x64.Build.0 = Release|x64
		{58E8EA7C-73D5-4427-BA2D-08E7920F52D1}.Ad-Hoc|x64.Deploy.0 = Release|x64
		{58E8EA7C-73D5-4427-BA2D-08E7920F52D1}.Ad-Hoc|x86.ActiveCfg = Release|x86
		{58E8EA7C-73D5-4427-BA2D-08E7920F52D1}.Ad-Hoc|x86.Build.0 = Release|x86
		{58E8EA7C-73D5-4427-BA2D-08E7920F52D1}.Ad-Hoc|x86.Deploy.0 = Release|x86
		{58E8EA7C-73D5-4427-BA2D-08E7920F52D1}.AppStore|Any CPU.ActiveCfg = Release|x86
		{58E8EA7C-73D5-4427-BA2D-08E7920F52D1}.AppStore|Any CPU.Build.0 = Release|x86
		{58E8EA7C-73D5-4427-BA2D-08E7920F52D1}.AppStore|Any CPU.Deploy.0 = Release|x86
		{58E8EA7C-73D5-4427-BA2D-08E7920F52D1}.AppStore|ARM.ActiveCfg = Release|ARM
		{58E8EA7C-73D5-4427-BA2D-08E7920F52D1}.AppStore|ARM.Build.0 = Release|ARM
		{58E8EA7C-73D5-4427-BA2D-08E7920F52D1}.AppStore|ARM.Deploy.0 = Release|ARM
		{58E8EA7C-73D5-4427-BA2D-08E7920F52D1}.AppStore|iPhone.ActiveCfg = Release|x86
		{58E8EA7C-73D5-4427-BA2D-08E7920F52D1}.AppStore|iPhone.Build.0 = Release|x86
		{58E8EA7C-73D5-4427-BA2D-08E7920F52D1}.AppStore|iPhone.Deploy.0 = Release|x86
		{58E8EA7C-73D5-4427-BA2D-08E7920F52D1}.AppStore|iPhoneSimulator.ActiveCfg = Release|x86
		{58E8EA7C-73D5-4427-BA2D-08E7920F52D1}.AppStore|iPhoneSimulator.Build.0 = Release|x86
		{58E8EA7C-73D5-4427-BA2D-08E7920F52D1}.AppStore|iPhoneSimulator.Deploy.0 = Release|x86
		{58E8EA7C-73D5-4427-BA2D-08E7920F52D1}.AppStore|x64.ActiveCfg = Release|x64
		{58E8EA7C-73D5-4427-BA2D-08E7920F52D1}.AppStore|x64.Build.0 = Release|x64
		{58E8EA7C-73D5-4427-BA2D-08E7920F52D1}.AppStore|x64.Deploy.0 = Release|x64
		{58E8EA7C-73D5-4427-BA2D-08E7920F52D1}.AppStore|x86.ActiveCfg = Release|x86
		{58E8EA7C-73D5-4427-BA2D-08E7920F52D1}.AppStore|x86.Build.0 = Release|x86
		{58E8EA7C-73D5-4427-BA2D-08E7920F52D1}.AppStore|x86.Deploy.0 = Release|x86
		{58E8EA7C-73D5-4427-BA2D-08E7920F52D1}.Debug|Any CPU.ActiveCfg = Debug|x86
		{58E8EA7C-73D5-4427-BA2D-08E7920F52D1}.Debug|ARM.ActiveCfg = Debug|ARM
		{58E8EA7C-73D5-4427-BA2D-08E7920F52D1}.Debug|ARM.Build.0 = Debug|ARM
		{58E8EA7C-73D5-4427-BA2D-08E7920F52D1}.Debug|ARM.Deploy.0 = Debug|ARM
		{58E8EA7C-73D5-4427-BA2D-08E7920F52D1}.Debug|iPhone.ActiveCfg = Debug|x86
		{58E8EA7C-73D5-4427-BA2D-08E7920F52D1}.Debug|iPhoneSimulator.ActiveCfg = Debug|x86
		{58E8EA7C-73D5-4427-BA2D-08E7920F52D1}.Debug|x64.ActiveCfg = Debug|x64
		{58E8EA7C-73D5-4427-BA2D-08E7920F52D1}.Debug|x64.Build.0 = Debug|x64
		{58E8EA7C-73D5-4427-BA2D-08E7920F52D1}.Debug|x64.Deploy.0 = Debug|x64
		{58E8EA7C-73D5-4427-BA2D-08E7920F52D1}.Debug|x86.ActiveCfg = Debug|x64
		{58E8EA7C-73D5-4427-BA2D-08E7920F52D1}.Release|Any CPU.ActiveCfg = Release|x86
		{58E8EA7C-73D5-4427-BA2D-08E7920F52D1}.Release|ARM.ActiveCfg = Release|ARM
		{58E8EA7C-73D5-4427-BA2D-08E7920F52D1}.Release|ARM.Build.0 = Release|ARM
		{58E8EA7C-73D5-4427-BA2D-08E7920F52D1}.Release|ARM.Deploy.0 = Release|ARM
		{58E8EA7C-73D5-4427-BA2D-08E7920F52D1}.Release|iPhone.ActiveCfg = Release|x86
		{58E8EA7C-73D5-4427-BA2D-08E7920F52D1}.Release|iPhoneSimulator.ActiveCfg = Release|x86
		{58E8EA7C-73D5-4427-BA2D-08E7920F52D1}.Release|x64.ActiveCfg = Release|x64
		{58E8EA7C-73D5-4427-BA2D-08E7920F52D1}.Release|x64.Build.0 = Release|x64
		{58E8EA7C-73D5-4427-BA2D-08E7920F52D1}.Release|x64.Deploy.0 = Release|x64
		{58E8EA7C-73D5-4427-BA2D-08E7920F52D1}.Release|x86.ActiveCfg = Release|x86
		{58E8EA7C-73D5-4427-BA2D-08E7920F52D1}.Release|x86.Build.0 = Release|x86
		{58E8EA7C-73D5-4427-BA2D-08E7920F52D1}.Release|x86.Deploy.0 = Release|x86
		{E28348C9-74B8-4F8C-90B1-4C99B913C635}.Ad-Hoc|Any CPU.ActiveCfg = Ad-Hoc|iPhone
		{E28348C9-74B8-4F8C-90B1-4C99B913C635}.Ad-Hoc|ARM.ActiveCfg = Ad-Hoc|iPhone
		{E28348C9-74B8-4F8C-90B1-4C99B913C635}.Ad-Hoc|iPhone.ActiveCfg = Ad-Hoc|iPhone
		{E28348C9-74B8-4F8C-90B1-4C99B913C635}.Ad-Hoc|iPhone.Build.0 = Ad-Hoc|iPhone
		{E28348C9-74B8-4F8C-90B1-4C99B913C635}.Ad-Hoc|iPhoneSimulator.ActiveCfg = Ad-Hoc|iPhoneSimulator
		{E28348C9-74B8-4F8C-90B1-4C99B913C635}.Ad-Hoc|iPhoneSimulator.Build.0 = Ad-Hoc|iPhoneSimulator
		{E28348C9-74B8-4F8C-90B1-4C99B913C635}.Ad-Hoc|x64.ActiveCfg = Ad-Hoc|iPhone
		{E28348C9-74B8-4F8C-90B1-4C99B913C635}.Ad-Hoc|x86.ActiveCfg = Ad-Hoc|iPhone
		{E28348C9-74B8-4F8C-90B1-4C99B913C635}.AppStore|Any CPU.ActiveCfg = AppStore|iPhone
		{E28348C9-74B8-4F8C-90B1-4C99B913C635}.AppStore|ARM.ActiveCfg = AppStore|iPhone
		{E28348C9-74B8-4F8C-90B1-4C99B913C635}.AppStore|iPhone.ActiveCfg = AppStore|iPhone
		{E28348C9-74B8-4F8C-90B1-4C99B913C635}.AppStore|iPhone.Build.0 = AppStore|iPhone
		{E28348C9-74B8-4F8C-90B1-4C99B913C635}.AppStore|iPhoneSimulator.ActiveCfg = AppStore|iPhoneSimulator
		{E28348C9-74B8-4F8C-90B1-4C99B913C635}.AppStore|iPhoneSimulator.Build.0 = AppStore|iPhoneSimulator
		{E28348C9-74B8-4F8C-90B1-4C99B913C635}.AppStore|x64.ActiveCfg = AppStore|iPhone
		{E28348C9-74B8-4F8C-90B1-4C99B913C635}.AppStore|x86.ActiveCfg = AppStore|iPhone
		{E28348C9-74B8-4F8C-90B1-4C99B913C635}.Debug|Any CPU.ActiveCfg = Debug|iPhone
		{E28348C9-74B8-4F8C-90B1-4C99B913C635}.Debug|ARM.ActiveCfg = Debug|iPhone
		{E28348C9-74B8-4F8C-90B1-4C99B913C635}.Debug|iPhone.ActiveCfg = Debug|iPhone
		{E28348C9-74B8-4F8C-90B1-4C99B913C635}.Debug|iPhone.Build.0 = Debug|iPhone
		{E28348C9-74B8-4F8C-90B1-4C99B913C635}.Debug|iPhoneSimulator.ActiveCfg = Debug|iPhoneSimulator
		{E28348C9-74B8-4F8C-90B1-4C99B913C635}.Debug|iPhoneSimulator.Build.0 = Debug|iPhoneSimulator
		{E28348C9-74B8-4F8C-90B1-4C99B913C635}.Debug|x64.ActiveCfg = Debug|iPhone
		{E28348C9-74B8-4F8C-90B1-4C99B913C635}.Debug|x86.ActiveCfg = Debug|iPhone
		{E28348C9-74B8-4F8C-90B1-4C99B913C635}.Release|Any CPU.ActiveCfg = Release|iPhone
		{E28348C9-74B8-4F8C-90B1-4C99B913C635}.Release|ARM.ActiveCfg = Release|iPhone
		{E28348C9-74B8-4F8C-90B1-4C99B913C635}.Release|iPhone.ActiveCfg = Release|iPhone
		{E28348C9-74B8-4F8C-90B1-4C99B913C635}.Release|iPhone.Build.0 = Release|iPhone
		{E28348C9-74B8-4F8C-90B1-4C99B913C635}.Release|iPhoneSimulator.ActiveCfg = Release|iPhoneSimulator
		{E28348C9-74B8-4F8C-90B1-4C99B913C635}.Release|iPhoneSimulator.Build.0 = Release|iPhoneSimulator
		{E28348C9-74B8-4F8C-90B1-4C99B913C635}.Release|x64.ActiveCfg = Release|iPhone
		{E28348C9-74B8-4F8C-90B1-4C99B913C635}.Release|x86.ActiveCfg = Release|iPhone
		{5E76F170-AE49-48B0-82AB-03B648BCD331}.Ad-Hoc|Any CPU.ActiveCfg = Release|Any CPU
		{5E76F170-AE49-48B0-82AB-03B648BCD331}.Ad-Hoc|Any CPU.Build.0 = Release|Any CPU
		{5E76F170-AE49-48B0-82AB-03B648BCD331}.Ad-Hoc|Any CPU.Deploy.0 = Release|Any CPU
		{5E76F170-AE49-48B0-82AB-03B648BCD331}.Ad-Hoc|ARM.ActiveCfg = Release|ARM
		{5E76F170-AE49-48B0-82AB-03B648BCD331}.Ad-Hoc|ARM.Build.0 = Release|ARM
		{5E76F170-AE49-48B0-82AB-03B648BCD331}.Ad-Hoc|ARM.Deploy.0 = Release|ARM
		{5E76F170-AE49-48B0-82AB-03B648BCD331}.Ad-Hoc|iPhone.ActiveCfg = Release|Any CPU
		{5E76F170-AE49-48B0-82AB-03B648BCD331}.Ad-Hoc|iPhone.Build.0 = Release|Any CPU
		{5E76F170-AE49-48B0-82AB-03B648BCD331}.Ad-Hoc|iPhone.Deploy.0 = Release|Any CPU
		{5E76F170-AE49-48B0-82AB-03B648BCD331}.Ad-Hoc|iPhoneSimulator.ActiveCfg = Release|Any CPU
		{5E76F170-AE49-48B0-82AB-03B648BCD331}.Ad-Hoc|iPhoneSimulator.Build.0 = Release|Any CPU
		{5E76F170-AE49-48B0-82AB-03B648BCD331}.Ad-Hoc|iPhoneSimulator.Deploy.0 = Release|Any CPU
		{5E76F170-AE49-48B0-82AB-03B648BCD331}.Ad-Hoc|x64.ActiveCfg = Release|x64
		{5E76F170-AE49-48B0-82AB-03B648BCD331}.Ad-Hoc|x64.Build.0 = Release|x64
		{5E76F170-AE49-48B0-82AB-03B648BCD331}.Ad-Hoc|x64.Deploy.0 = Release|x64
		{5E76F170-AE49-48B0-82AB-03B648BCD331}.Ad-Hoc|x86.ActiveCfg = Release|x86
		{5E76F170-AE49-48B0-82AB-03B648BCD331}.Ad-Hoc|x86.Build.0 = Release|x86
		{5E76F170-AE49-48B0-82AB-03B648BCD331}.Ad-Hoc|x86.Deploy.0 = Release|x86
		{5E76F170-AE49-48B0-82AB-03B648BCD331}.AppStore|Any CPU.ActiveCfg = Release|Any CPU
		{5E76F170-AE49-48B0-82AB-03B648BCD331}.AppStore|Any CPU.Build.0 = Release|Any CPU
		{5E76F170-AE49-48B0-82AB-03B648BCD331}.AppStore|Any CPU.Deploy.0 = Release|Any CPU
		{5E76F170-AE49-48B0-82AB-03B648BCD331}.AppStore|ARM.ActiveCfg = Release|ARM
		{5E76F170-AE49-48B0-82AB-03B648BCD331}.AppStore|ARM.Build.0 = Release|ARM
		{5E76F170-AE49-48B0-82AB-03B648BCD331}.AppStore|ARM.Deploy.0 = Release|ARM
		{5E76F170-AE49-48B0-82AB-03B648BCD331}.AppStore|iPhone.ActiveCfg = Release|Any CPU
		{5E76F170-AE49-48B0-82AB-03B648BCD331}.AppStore|iPhone.Build.0 = Release|Any CPU
		{5E76F170-AE49-48B0-82AB-03B648BCD331}.AppStore|iPhone.Deploy.0 = Release|Any CPU
		{5E76F170-AE49-48B0-82AB-03B648BCD331}.AppStore|iPhoneSimulator.ActiveCfg = Release|Any CPU
		{5E76F170-AE49-48B0-82AB-03B648BCD331}.AppStore|iPhoneSimulator.Build.0 = Release|Any CPU
		{5E76F170-AE49-48B0-82AB-03B648BCD331}.AppStore|iPhoneSimulator.Deploy.0 = Release|Any CPU
		{5E76F170-AE49-48B0-82AB-03B648BCD331}.AppStore|x64.ActiveCfg = Release|x64
		{5E76F170-AE49-48B0-82AB-03B648BCD331}.AppStore|x64.Build.0 = Release|x64
		{5E76F170-AE49-48B0-82AB-03B648BCD331}.AppStore|x64.Deploy.0 = Release|x64
		{5E76F170-AE49-48B0-82AB-03B648BCD331}.AppStore|x86.ActiveCfg = Release|x86
		{5E76F170-AE49-48B0-82AB-03B648BCD331}.AppStore|x86.Build.0 = Release|x86
		{5E76F170-AE49-48B0-82AB-03B648BCD331}.AppStore|x86.Deploy.0 = Release|x86
		{5E76F170-AE49-48B0-82AB-03B648BCD331}.Debug|Any CPU.ActiveCfg = Debug|Any CPU
		{5E76F170-AE49-48B0-82AB-03B648BCD331}.Debug|Any CPU.Build.0 = Debug|Any CPU
		{5E76F170-AE49-48B0-82AB-03B648BCD331}.Debug|Any CPU.Deploy.0 = Debug|Any CPU
		{5E76F170-AE49-48B0-82AB-03B648BCD331}.Debug|ARM.ActiveCfg = Debug|ARM
		{5E76F170-AE49-48B0-82AB-03B648BCD331}.Debug|ARM.Build.0 = Debug|ARM
		{5E76F170-AE49-48B0-82AB-03B648BCD331}.Debug|ARM.Deploy.0 = Debug|ARM
		{5E76F170-AE49-48B0-82AB-03B648BCD331}.Debug|iPhone.ActiveCfg = Debug|Any CPU
		{5E76F170-AE49-48B0-82AB-03B648BCD331}.Debug|iPhone.Build.0 = Debug|Any CPU
		{5E76F170-AE49-48B0-82AB-03B648BCD331}.Debug|iPhone.Deploy.0 = Debug|Any CPU
		{5E76F170-AE49-48B0-82AB-03B648BCD331}.Debug|iPhoneSimulator.ActiveCfg = Debug|Any CPU
		{5E76F170-AE49-48B0-82AB-03B648BCD331}.Debug|iPhoneSimulator.Build.0 = Debug|Any CPU
		{5E76F170-AE49-48B0-82AB-03B648BCD331}.Debug|iPhoneSimulator.Deploy.0 = Debug|Any CPU
		{5E76F170-AE49-48B0-82AB-03B648BCD331}.Debug|x64.ActiveCfg = Debug|x64
		{5E76F170-AE49-48B0-82AB-03B648BCD331}.Debug|x64.Build.0 = Debug|x64
		{5E76F170-AE49-48B0-82AB-03B648BCD331}.Debug|x64.Deploy.0 = Debug|x64
		{5E76F170-AE49-48B0-82AB-03B648BCD331}.Debug|x86.ActiveCfg = Debug|x86
		{5E76F170-AE49-48B0-82AB-03B648BCD331}.Release|Any CPU.ActiveCfg = Release|Any CPU
		{5E76F170-AE49-48B0-82AB-03B648BCD331}.Release|Any CPU.Build.0 = Release|Any CPU
		{5E76F170-AE49-48B0-82AB-03B648BCD331}.Release|Any CPU.Deploy.0 = Release|Any CPU
		{5E76F170-AE49-48B0-82AB-03B648BCD331}.Release|ARM.ActiveCfg = Release|ARM
		{5E76F170-AE49-48B0-82AB-03B648BCD331}.Release|ARM.Build.0 = Release|ARM
		{5E76F170-AE49-48B0-82AB-03B648BCD331}.Release|ARM.Deploy.0 = Release|ARM
		{5E76F170-AE49-48B0-82AB-03B648BCD331}.Release|iPhone.ActiveCfg = Release|Any CPU
		{5E76F170-AE49-48B0-82AB-03B648BCD331}.Release|iPhone.Build.0 = Release|Any CPU
		{5E76F170-AE49-48B0-82AB-03B648BCD331}.Release|iPhone.Deploy.0 = Release|Any CPU
		{5E76F170-AE49-48B0-82AB-03B648BCD331}.Release|iPhoneSimulator.ActiveCfg = Release|Any CPU
		{5E76F170-AE49-48B0-82AB-03B648BCD331}.Release|iPhoneSimulator.Build.0 = Release|Any CPU
		{5E76F170-AE49-48B0-82AB-03B648BCD331}.Release|iPhoneSimulator.Deploy.0 = Release|Any CPU
		{5E76F170-AE49-48B0-82AB-03B648BCD331}.Release|x64.ActiveCfg = Release|x64
		{5E76F170-AE49-48B0-82AB-03B648BCD331}.Release|x64.Build.0 = Release|x64
		{5E76F170-AE49-48B0-82AB-03B648BCD331}.Release|x64.Deploy.0 = Release|x64
		{5E76F170-AE49-48B0-82AB-03B648BCD331}.Release|x86.ActiveCfg = Release|x86
		{5E76F170-AE49-48B0-82AB-03B648BCD331}.Release|x86.Build.0 = Release|x86
		{5E76F170-AE49-48B0-82AB-03B648BCD331}.Release|x86.Deploy.0 = Release|x86
	EndGlobalSection
	GlobalSection(SolutionProperties) = preSolution
		HideSolutionNode = FALSE
	EndGlobalSection
EndGlobal
